PODS:
  - BIJKPlayer (0.7.16)
  - camera_avfoundation (0.0.1):
    - Flutter
  - ffmpeg-kit-ios-min (6.0)
  - ffmpeg_kit_flutter_new_min (6.0.3):
    - ffmpeg_kit_flutter_new_min/min (= 6.0.3)
    - Flutter
  - ffmpeg_kit_flutter_new_min/min (6.0.3):
    - ffmpeg-kit-ios-min (= 6.0)
    - Flutter
  - fijkplayer (0.11.0):
    - BIJKPlayer (~> 0.7.16)
    - Flutter
  - Flutter (1.0.0)
  - flutter_keyboard_visibility (0.0.1):
    - Flutter
  - FMDB (2.7.5):
    - FMDB/standard (= 2.7.5)
  - FMDB/standard (2.7.5)
  - geolocator_apple (1.2.0):
    - Flutter
  - image_cropper (0.0.4):
    - Flutter
    - TOCropViewController (~> 2.6.1)
  - image_gallery_saver (2.0.2):
    - Flutter
  - libwebp (1.3.2):
    - libwebp/demux (= 1.3.2)
    - libwebp/mux (= 1.3.2)
    - libwebp/sharpyuv (= 1.3.2)
    - libwebp/webp (= 1.3.2)
  - libwebp/demux (1.3.2):
    - libwebp/webp
  - libwebp/mux (1.3.2):
    - libwebp/demux
  - libwebp/sharpyuv (1.3.2)
  - libwebp/webp (1.3.2):
    - libwebp/sharpyuv
  - path_provider_foundation (0.0.1):
    - Flutter
    - FlutterMacOS
  - permission_handler_apple (9.1.1):
    - Flutter
  - photo_manager (2.0.0):
    - Flutter
    - FlutterMacOS
  - scan (0.0.1):
    - Flutter
  - sensors_plus (0.0.1):
    - Flutter
  - shared_preferences_foundation (0.0.1):
    - Flutter
    - FlutterMacOS
  - sqflite (0.0.3):
    - Flutter
    - FMDB (>= 2.7.5)
  - TOCropViewController (2.6.1)
  - video_player_avfoundation (0.0.1):
    - Flutter
    - FlutterMacOS
  - video_thumbnail (0.0.1):
    - Flutter
    - libwebp

DEPENDENCIES:
  - camera_avfoundation (from `.symlinks/plugins/camera_avfoundation/ios`)
  - ffmpeg_kit_flutter_new_min (from `.symlinks/plugins/ffmpeg_kit_flutter_new_min/ios`)
  - fijkplayer (from `.symlinks/plugins/fijkplayer/ios`)
  - Flutter (from `Flutter`)
  - flutter_keyboard_visibility (from `.symlinks/plugins/flutter_keyboard_visibility/ios`)
  - geolocator_apple (from `.symlinks/plugins/geolocator_apple/ios`)
  - image_cropper (from `.symlinks/plugins/image_cropper/ios`)
  - image_gallery_saver (from `.symlinks/plugins/image_gallery_saver/ios`)
  - path_provider_foundation (from `.symlinks/plugins/path_provider_foundation/darwin`)
  - permission_handler_apple (from `.symlinks/plugins/permission_handler_apple/ios`)
  - photo_manager (from `.symlinks/plugins/photo_manager/ios`)
  - scan (from `.symlinks/plugins/scan/ios`)
  - sensors_plus (from `.symlinks/plugins/sensors_plus/ios`)
  - shared_preferences_foundation (from `.symlinks/plugins/shared_preferences_foundation/darwin`)
  - sqflite (from `.symlinks/plugins/sqflite/ios`)
  - video_player_avfoundation (from `.symlinks/plugins/video_player_avfoundation/darwin`)
  - video_thumbnail (from `.symlinks/plugins/video_thumbnail/ios`)

SPEC REPOS:
  trunk:
    - BIJKPlayer
    - ffmpeg-kit-ios-min
    - FMDB
    - libwebp
    - TOCropViewController

EXTERNAL SOURCES:
  camera_avfoundation:
    :path: ".symlinks/plugins/camera_avfoundation/ios"
  ffmpeg_kit_flutter_new_min:
    :path: ".symlinks/plugins/ffmpeg_kit_flutter_new_min/ios"
  fijkplayer:
    :path: ".symlinks/plugins/fijkplayer/ios"
  Flutter:
    :path: Flutter
  flutter_keyboard_visibility:
    :path: ".symlinks/plugins/flutter_keyboard_visibility/ios"
  geolocator_apple:
    :path: ".symlinks/plugins/geolocator_apple/ios"
  image_cropper:
    :path: ".symlinks/plugins/image_cropper/ios"
  image_gallery_saver:
    :path: ".symlinks/plugins/image_gallery_saver/ios"
  path_provider_foundation:
    :path: ".symlinks/plugins/path_provider_foundation/darwin"
  permission_handler_apple:
    :path: ".symlinks/plugins/permission_handler_apple/ios"
  photo_manager:
    :path: ".symlinks/plugins/photo_manager/ios"
  scan:
    :path: ".symlinks/plugins/scan/ios"
  sensors_plus:
    :path: ".symlinks/plugins/sensors_plus/ios"
  shared_preferences_foundation:
    :path: ".symlinks/plugins/shared_preferences_foundation/darwin"
  sqflite:
    :path: ".symlinks/plugins/sqflite/ios"
  video_player_avfoundation:
    :path: ".symlinks/plugins/video_player_avfoundation/darwin"
  video_thumbnail:
    :path: ".symlinks/plugins/video_thumbnail/ios"

SPEC CHECKSUMS:
  BIJKPlayer: 4c5d66e5cb99ae5bade6f22a4fcc031722a81c64
  camera_avfoundation: 3125e8cd1a4387f6f31c6c63abb8a55892a9eeeb
  ffmpeg-kit-ios-min: 4e9a088f4ee9629435960b9d68e54848975f1931
  ffmpeg_kit_flutter_new_min: 5eff47f4965bf9d1150e98961eb6129f5ae3f28c
  fijkplayer: 8b6d864948dc28e6e07248ed4fce61a7467db4df
  Flutter: e0871f40cf51350855a761d2e70bf5af5b9b5de7
  flutter_keyboard_visibility: 0339d06371254c3eb25eeb90ba8d17dca8f9c069
  FMDB: 2ce00b547f966261cd18927a3ddb07cb6f3db82a
  geolocator_apple: cc556e6844d508c95df1e87e3ea6fa4e58c50401
  image_cropper: a3291c624a953049bc6a02e1f8c8ceb162a24b25
  image_gallery_saver: cb43cc43141711190510e92c460eb1655cd343cb
  libwebp: 1786c9f4ff8a279e4dac1e8f385004d5fc253009
  path_provider_foundation: 29f094ae23ebbca9d3d0cec13889cd9060c0e943
  permission_handler_apple: e76247795d700c14ea09e3a2d8855d41ee80a2e6
  photo_manager: 4f6810b7dfc4feb03b461ac1a70dacf91fba7604
  scan: aea35bb4aa59ccc8839c576a18cd57c7d492cc86
  sensors_plus: 4ee32bc7d61a055f27f88d3215ad6b6fb96a2b8e
  shared_preferences_foundation: 5b919d13b803cadd15ed2dc053125c68730e5126
  sqflite: 31f7eba61e3074736dff8807a9b41581e4f7f15a
  TOCropViewController: edfd4f25713d56905ad1e0b9f5be3fbe0f59c863
  video_player_avfoundation: e9e6f9cae7d7a6d9b43519b0aab382bca60fcfd1
  video_thumbnail: c4e2a3c539e247d4de13cd545344fd2d26ffafd1

PODFILE CHECKSUM: 5b93173f8635811872efd00ef4c1a1c83204142f

COCOAPODS: 1.15.2
